
Microsoft Visual Studio Solution File, Format Version 12.00
# Visual Studio 14
VisualStudioVersion = 14.0.25420.1
MinimumVisualStudioVersion = 10.0.40219.1
Project("{2150E333-8FDC-42A3-9474-1A3956D46DE8}") = "src", "src", "{FF15600E-BFA1-41ED-92FE-0FB837267A4B}"
EndProject
Project("{2150E333-8FDC-42A3-9474-1A3956D46DE8}") = "Solution Items", "Solution Items", "{4C18D777-456A-455F-8C35-811C34EA2642}"
	ProjectSection(SolutionItems) = preProject
		global.json = global.json
	EndProjectSection
EndProject
Project("{8BB2217D-0F2D-49D1-97BC-3654ED321F3B}") = "demo", "src\demo\demo.xproj", "{65CE5630-02EF-47A5-8019-FEB643E4015E}"
EndProject
Global
	GlobalSection(SolutionConfigurationPlatforms) = preSolution
		Debug|Any CPU = Debug|Any CPU
		Release|Any CPU = Release|Any CPU
	EndGlobalSection
	GlobalSection(ProjectConfigurationPlatforms) = postSolution
		{65CE5630-02EF-47A5-8019-FEB643E4015E}.Debug|Any CPU.ActiveCfg = Debug|Any CPU
		{65CE5630-02EF-47A5-8019-FEB643E4015E}.Debug|Any CPU.Build.0 = Debug|Any CPU
		{65CE5630-02EF-47A5-8019-FEB643E4015E}.Release|Any CPU.ActiveCfg = Release|Any CPU
		{65CE5630-02EF-47A5-8019-FEB643E4015E}.Release|Any CPU.Build.0 = Release|Any CPU
	EndGlobalSection
	GlobalSection(SolutionProperties) = preSolution
		HideSolutionNode = FALSE
	EndGlobalSection
	GlobalSection(NestedProjects) = preSolution
		{65CE5630-02EF-47A5-8019-FEB643E4015E} = {FF15600E-BFA1-41ED-92FE-0FB837267A4B}
	EndGlobalSection
EndGlobal
